
Microsoft Visual Studio Solution File, Format Version 12.00
# Visual Studio Version 17
VisualStudioVersion = 17.11.35312.102
MinimumVisualStudioVersion = 10.0.40219.1
Project("{FAE04EC0-301F-11D3-BF4B-00C04F79EFBC}") = "WebAPI", "WebAPI\WebAPI.csproj", "{CFB5FE7C-4B9E-43C7-B176-6AF2B163E6B9}"
EndProject
Project("{FAE04EC0-301F-11D3-BF4B-00C04F79EFBC}") = "Cadar_Raul_Lab11", "Cadar_Raul_Lab11\Cadar_Raul_Lab11.csproj", "{681D8BA8-7585-4691-A3DC-F3893A5C1136}"
EndProject
Global
	GlobalSection(SolutionConfigurationPlatforms) = preSolution
		Debug|Any CPU = Debug|Any CPU
		Release|Any CPU = Release|Any CPU
	EndGlobalSection
	GlobalSection(ProjectConfigurationPlatforms) = postSolution
		{CFB5FE7C-4B9E-43C7-B176-6AF2B163E6B9}.Debug|Any CPU.ActiveCfg = Debug|Any CPU
		{CFB5FE7C-4B9E-43C7-B176-6AF2B163E6B9}.Debug|Any CPU.Build.0 = Debug|Any CPU
		{CFB5FE7C-4B9E-43C7-B176-6AF2B163E6B9}.Release|Any CPU.ActiveCfg = Release|Any CPU
		{CFB5FE7C-4B9E-43C7-B176-6AF2B163E6B9}.Release|Any CPU.Build.0 = Release|Any CPU
		{681D8BA8-7585-4691-A3DC-F3893A5C1136}.Debug|Any CPU.ActiveCfg = Debug|Any CPU
		{681D8BA8-7585-4691-A3DC-F3893A5C1136}.Debug|Any CPU.Build.0 = Debug|Any CPU
		{681D8BA8-7585-4691-A3DC-F3893A5C1136}.Debug|Any CPU.Deploy.0 = Debug|Any CPU
		{681D8BA8-7585-4691-A3DC-F3893A5C1136}.Release|Any CPU.ActiveCfg = Release|Any CPU
		{681D8BA8-7585-4691-A3DC-F3893A5C1136}.Release|Any CPU.Build.0 = Release|Any CPU
		{681D8BA8-7585-4691-A3DC-F3893A5C1136}.Release|Any CPU.Deploy.0 = Release|Any CPU
	EndGlobalSection
	GlobalSection(SolutionProperties) = preSolution
		HideSolutionNode = FALSE
	EndGlobalSection
	GlobalSection(ExtensibilityGlobals) = postSolution
		SolutionGuid = {9667E757-8F0A-4ADC-8365-6269AD1FDB80}
	EndGlobalSection
EndGlobal
